version = 1
revision = 3
requires-python = ">=3.13"

[manifest]
members = [
    "mtool-assistant",
]

[[package]]
name = "certifi"
version = "2025.8.3"
source = { registry = "https://pypi.tuna.tsinghua.edu.cn/simple" }
sdist = { url = "https://pypi.tuna.tsinghua.edu.cn/packages/dc/67/960ebe6bf230a96cda2e0abcf73af550ec4f090005363542f0765df162e0/certifi-2025.8.3.tar.gz", hash = "sha256:e564105f78ded564e3ae7c923924435e1daa7463faeab5bb932bc53ffae63407", size = 162386, upload-time = "2025-08-03T03:07:47.08Z" }
wheels = [
    { url = "https://pypi.tuna.tsinghua.edu.cn/packages/e5/48/1549795ba7742c948d2ad169c1c8cdbae65bc450d6cd753d124b17c8cd32/certifi-2025.8.3-py3-none-any.whl", hash = "sha256:f6c12493cfb1b06ba2ff328595af9350c65d6644968e5d3a2ffd78699af217a5", size = 161216, upload-time = "2025-08-03T03:07:45.777Z" },
]

[[package]]
name = "mtool-assistant"
version = "0.1.0"
source = { editable = "modules/mtool-assistant/python" }
dependencies = [
    { name = "certifi" },
    { name = "yt-dlp" },
]

[package.metadata]
requires-dist = [
    { name = "certifi", specifier = ">=2025.8.3" },
    { name = "yt-dlp", specifier = ">=2025.8.11" },
]

[[package]]
name = "yt-dlp"
version = "2025.8.11"
source = { registry = "https://pypi.tuna.tsinghua.edu.cn/simple" }
sdist = { url = "https://pypi.tuna.tsinghua.edu.cn/packages/80/72/de4a7f9bbfef886c7f0790b8246585310f155e4a6589dd38d846efa932e9/yt_dlp-2025.8.11.tar.gz", hash = "sha256:dc7c120a367fe55e0f711613dc80ea29d3a4e0ed8d66104cebfbe3d36e81fdfc", size = 3045769, upload-time = "2025-08-11T04:01:51.749Z" }
wheels = [
    { url = "https://pypi.tuna.tsinghua.edu.cn/packages/d4/dc/4400fb3e8bccdbd0f6ecf36a8a9aea3290ad98a1c9d19664a5c92d7b2e5d/yt_dlp-2025.8.11-py3-none-any.whl", hash = "sha256:f115d2246c1ab5737772bd4845be057eebb91c0d95125a7577d92288351df7d0", size = 3281677, upload-time = "2025-08-11T04:01:48.756Z" },
]
